
Microsoft Visual Studio Solution File, Format Version 12.00
# Visual Studio Version 17
VisualStudioVersion = 17.6.33723.286
MinimumVisualStudioVersion = 10.0.40219.1
Project("{9A19103F-16F7-4668-BE54-9A1E7A4F7556}") = "InventoryService", "InventoryService\InventoryService.csproj", "{3DE022BF-D6E2-4893-9981-425EBDCE1CA4}"
EndProject
Project("{9A19103F-16F7-4668-BE54-9A1E7A4F7556}") = "Model", "Model\Model.csproj", "{A0AF137E-7B9A-4946-8D36-3F8B30B64952}"
EndProject
Project("{2150E333-8FDC-42A3-9474-1A3956D46DE8}") = "Solution Items", "Solution Items", "{5D2F8FE6-9E6B-4D30-9C19-4C1309FD624C}"
	ProjectSection(SolutionItems) = preProject
		.dockerignore = .dockerignore
		Dockerfile = Dockerfile
	EndProjectSection
EndProject
Global
	GlobalSection(SolutionConfigurationPlatforms) = preSolution
		Debug|Any CPU = Debug|Any CPU
		Release|Any CPU = Release|Any CPU
	EndGlobalSection
	GlobalSection(ProjectConfigurationPlatforms) = postSolution
		{3DE022BF-D6E2-4893-9981-425EBDCE1CA4}.Debug|Any CPU.ActiveCfg = Debug|Any CPU
		{3DE022BF-D6E2-4893-9981-425EBDCE1CA4}.Debug|Any CPU.Build.0 = Debug|Any CPU
		{3DE022BF-D6E2-4893-9981-425EBDCE1CA4}.Release|Any CPU.ActiveCfg = Release|Any CPU
		{3DE022BF-D6E2-4893-9981-425EBDCE1CA4}.Release|Any CPU.Build.0 = Release|Any CPU
		{A0AF137E-7B9A-4946-8D36-3F8B30B64952}.Debug|Any CPU.ActiveCfg = Debug|Any CPU
		{A0AF137E-7B9A-4946-8D36-3F8B30B64952}.Debug|Any CPU.Build.0 = Debug|Any CPU
		{A0AF137E-7B9A-4946-8D36-3F8B30B64952}.Release|Any CPU.ActiveCfg = Release|Any CPU
		{A0AF137E-7B9A-4946-8D36-3F8B30B64952}.Release|Any CPU.Build.0 = Release|Any CPU
	EndGlobalSection
	GlobalSection(SolutionProperties) = preSolution
		HideSolutionNode = FALSE
	EndGlobalSection
	GlobalSection(ExtensibilityGlobals) = postSolution
		SolutionGuid = {8894DB27-A257-4B57-90FF-2135A2ACE375}
	EndGlobalSection
EndGlobal
